
Microsoft Visual Studio Solution File, Format Version 12.00
# Visual Studio Version 17
VisualStudioVersion = 17.0.32014.148
MinimumVisualStudioVersion = 10.0.40219.1
Project("{9A19103F-16F7-4668-BE54-9A1E7A4F7556}") = "GPUControl.App", "ezgpuctl\GPUControl.App.csproj", "{A7864998-E73F-4043-B54E-8AB675B3EBE6}"
EndProject
Project("{9A19103F-16F7-4668-BE54-9A1E7A4F7556}") = "NvAPIWrapper", "NvAPIWrapper\NvAPIWrapper.csproj", "{1DFC1CF4-C8AF-4A7E-AA19-E76BCAEB1683}"
EndProject
Project("{2150E333-8FDC-42A3-9474-1A3956D46DE8}") = "Solution Items", "Solution Items", "{B5B9178D-9E0F-4670-9398-5F8E69DE6D24}"
	ProjectSection(SolutionItems) = preProject
		README.md = README.md
	EndProjectSection
EndProject
Project("{9A19103F-16F7-4668-BE54-9A1E7A4F7556}") = "GPUControl.Lib", "GPUControl.Lib\GPUControl.Lib.csproj", "{268B42CC-A97F-4292-BC27-DC82903AD82E}"
EndProject
Global
	GlobalSection(SolutionConfigurationPlatforms) = preSolution
		Debug|Any CPU = Debug|Any CPU
		Debug|x64 = Debug|x64
		Debug|x86 = Debug|x86
		Release|Any CPU = Release|Any CPU
		Release|x64 = Release|x64
		Release|x86 = Release|x86
	EndGlobalSection
	GlobalSection(ProjectConfigurationPlatforms) = postSolution
		{A7864998-E73F-4043-B54E-8AB675B3EBE6}.Debug|Any CPU.ActiveCfg = Debug|Any CPU
		{A7864998-E73F-4043-B54E-8AB675B3EBE6}.Debug|Any CPU.Build.0 = Debug|Any CPU
		{A7864998-E73F-4043-B54E-8AB675B3EBE6}.Debug|x64.ActiveCfg = Debug|Any CPU
		{A7864998-E73F-4043-B54E-8AB675B3EBE6}.Debug|x64.Build.0 = Debug|Any CPU
		{A7864998-E73F-4043-B54E-8AB675B3EBE6}.Debug|x86.ActiveCfg = Debug|Any CPU
		{A7864998-E73F-4043-B54E-8AB675B3EBE6}.Debug|x86.Build.0 = Debug|Any CPU
		{A7864998-E73F-4043-B54E-8AB675B3EBE6}.Release|Any CPU.ActiveCfg = Release|Any CPU
		{A7864998-E73F-4043-B54E-8AB675B3EBE6}.Release|Any CPU.Build.0 = Release|Any CPU
		{A7864998-E73F-4043-B54E-8AB675B3EBE6}.Release|x64.ActiveCfg = Release|Any CPU
		{A7864998-E73F-4043-B54E-8AB675B3EBE6}.Release|x64.Build.0 = Release|Any CPU
		{A7864998-E73F-4043-B54E-8AB675B3EBE6}.Release|x86.ActiveCfg = Release|Any CPU
		{A7864998-E73F-4043-B54E-8AB675B3EBE6}.Release|x86.Build.0 = Release|Any CPU
		{1DFC1CF4-C8AF-4A7E-AA19-E76BCAEB1683}.Debug|Any CPU.ActiveCfg = Debug|Any CPU
		{1DFC1CF4-C8AF-4A7E-AA19-E76BCAEB1683}.Debug|Any CPU.Build.0 = Debug|Any CPU
		{1DFC1CF4-C8AF-4A7E-AA19-E76BCAEB1683}.Debug|x64.ActiveCfg = Debug|Any CPU
		{1DFC1CF4-C8AF-4A7E-AA19-E76BCAEB1683}.Debug|x64.Build.0 = Debug|Any CPU
		{1DFC1CF4-C8AF-4A7E-AA19-E76BCAEB1683}.Debug|x86.ActiveCfg = Debug|Any CPU
		{1DFC1CF4-C8AF-4A7E-AA19-E76BCAEB1683}.Debug|x86.Build.0 = Debug|Any CPU
		{1DFC1CF4-C8AF-4A7E-AA19-E76BCAEB1683}.Release|Any CPU.ActiveCfg = Release|Any CPU
		{1DFC1CF4-C8AF-4A7E-AA19-E76BCAEB1683}.Release|Any CPU.Build.0 = Release|Any CPU
		{1DFC1CF4-C8AF-4A7E-AA19-E76BCAEB1683}.Release|x64.ActiveCfg = Release|Any CPU
		{1DFC1CF4-C8AF-4A7E-AA19-E76BCAEB1683}.Release|x64.Build.0 = Release|Any CPU
		{1DFC1CF4-C8AF-4A7E-AA19-E76BCAEB1683}.Release|x86.ActiveCfg = Release|Any CPU
		{1DFC1CF4-C8AF-4A7E-AA19-E76BCAEB1683}.Release|x86.Build.0 = Release|Any CPU
		{268B42CC-A97F-4292-BC27-DC82903AD82E}.Debug|Any CPU.ActiveCfg = Debug|Any CPU
		{268B42CC-A97F-4292-BC27-DC82903AD82E}.Debug|Any CPU.Build.0 = Debug|Any CPU
		{268B42CC-A97F-4292-BC27-DC82903AD82E}.Debug|x64.ActiveCfg = Debug|Any CPU
		{268B42CC-A97F-4292-BC27-DC82903AD82E}.Debug|x64.Build.0 = Debug|Any CPU
		{268B42CC-A97F-4292-BC27-DC82903AD82E}.Debug|x86.ActiveCfg = Debug|Any CPU
		{268B42CC-A97F-4292-BC27-DC82903AD82E}.Debug|x86.Build.0 = Debug|Any CPU
		{268B42CC-A97F-4292-BC27-DC82903AD82E}.Release|Any CPU.ActiveCfg = Release|Any CPU
		{268B42CC-A97F-4292-BC27-DC82903AD82E}.Release|Any CPU.Build.0 = Release|Any CPU
		{268B42CC-A97F-4292-BC27-DC82903AD82E}.Release|x64.ActiveCfg = Release|Any CPU
		{268B42CC-A97F-4292-BC27-DC82903AD82E}.Release|x64.Build.0 = Release|Any CPU
		{268B42CC-A97F-4292-BC27-DC82903AD82E}.Release|x86.ActiveCfg = Release|Any CPU
		{268B42CC-A97F-4292-BC27-DC82903AD82E}.Release|x86.Build.0 = Release|Any CPU
	EndGlobalSection
	GlobalSection(SolutionProperties) = preSolution
		HideSolutionNode = FALSE
	EndGlobalSection
	GlobalSection(ExtensibilityGlobals) = postSolution
		SolutionGuid = {C52F53E0-E5DE-484A-A26C-D89FEA89780C}
	EndGlobalSection
EndGlobal
